
Microsoft Visual Studio Solution File, Format Version 12.00
# Visual Studio 15
VisualStudioVersion = 15.0.26228.4
MinimumVisualStudioVersion = 10.0.40219.1
Project("{FAE04EC0-301F-11D3-BF4B-00C04F79EFBC}") = "QuantTradeDLL", "QuantTradeDLL\QuantTradeDLL.csproj", "{1D068504-1A87-4D56-8701-F61BBE43FEF7}"
EndProject
Project("{FAE04EC0-301F-11D3-BF4B-00C04F79EFBC}") = "QuantTradeDLLTests", "QuantTradeDLLTests\QuantTradeDLLTests.csproj", "{AD33F18B-9ADB-4CC0-BC21-921B57CFA8DA}"
EndProject
Project("{FAE04EC0-301F-11D3-BF4B-00C04F79EFBC}") = "ConsoleDemo", "ConsoleDemo\ConsoleDemo.csproj", "{76BD48AD-7167-43AC-A00D-241EE8ED9567}"
EndProject
Project("{FAE04EC0-301F-11D3-BF4B-00C04F79EFBC}") = "Client", "Client\Client.csproj", "{FC4B4C4A-EF36-4682-8D4B-F19DAA7EB321}"
EndProject
Global
	GlobalSection(SolutionConfigurationPlatforms) = preSolution
		Debug|Any CPU = Debug|Any CPU
		Release|Any CPU = Release|Any CPU
	EndGlobalSection
	GlobalSection(ProjectConfigurationPlatforms) = postSolution
		{1D068504-1A87-4D56-8701-F61BBE43FEF7}.Debug|Any CPU.ActiveCfg = Debug|Any CPU
		{1D068504-1A87-4D56-8701-F61BBE43FEF7}.Debug|Any CPU.Build.0 = Debug|Any CPU
		{1D068504-1A87-4D56-8701-F61BBE43FEF7}.Release|Any CPU.ActiveCfg = Release|Any CPU
		{1D068504-1A87-4D56-8701-F61BBE43FEF7}.Release|Any CPU.Build.0 = Release|Any CPU
		{AD33F18B-9ADB-4CC0-BC21-921B57CFA8DA}.Debug|Any CPU.ActiveCfg = Debug|Any CPU
		{AD33F18B-9ADB-4CC0-BC21-921B57CFA8DA}.Debug|Any CPU.Build.0 = Debug|Any CPU
		{AD33F18B-9ADB-4CC0-BC21-921B57CFA8DA}.Release|Any CPU.ActiveCfg = Release|Any CPU
		{AD33F18B-9ADB-4CC0-BC21-921B57CFA8DA}.Release|Any CPU.Build.0 = Release|Any CPU
		{76BD48AD-7167-43AC-A00D-241EE8ED9567}.Debug|Any CPU.ActiveCfg = Debug|Any CPU
		{76BD48AD-7167-43AC-A00D-241EE8ED9567}.Debug|Any CPU.Build.0 = Debug|Any CPU
		{76BD48AD-7167-43AC-A00D-241EE8ED9567}.Release|Any CPU.ActiveCfg = Release|Any CPU
		{76BD48AD-7167-43AC-A00D-241EE8ED9567}.Release|Any CPU.Build.0 = Release|Any CPU
		{FC4B4C4A-EF36-4682-8D4B-F19DAA7EB321}.Debug|Any CPU.ActiveCfg = Debug|Any CPU
		{FC4B4C4A-EF36-4682-8D4B-F19DAA7EB321}.Debug|Any CPU.Build.0 = Debug|Any CPU
		{FC4B4C4A-EF36-4682-8D4B-F19DAA7EB321}.Release|Any CPU.ActiveCfg = Release|Any CPU
		{FC4B4C4A-EF36-4682-8D4B-F19DAA7EB321}.Release|Any CPU.Build.0 = Release|Any CPU
	EndGlobalSection
	GlobalSection(SolutionProperties) = preSolution
		HideSolutionNode = FALSE
	EndGlobalSection
EndGlobal
